version = 1
revision = 3
requires-python = ">=3.14"

[[package]]
name = "flatbuffers"
version = "25.12.19"
source = { registry = "https://pypi.org/simple" }
wheels = [
    { url = "https://files.pythonhosted.org/packages/e8/2d/d2a548598be01649e2d46231d151a6c56d10b964d94043a335ae56ea2d92/flatbuffers-25.12.19-py2.py3-none-any.whl", hash = "sha256:7634f50c427838bb021c2d66a3d1168e9d199b0607e6329399f04846d42e20b4", size = 26661, upload-time = "2025-12-19T23:16:13.622Z" },
]

[[package]]
name = "keras-image-helper"
version = "0.0.2"
source = { registry = "https://pypi.org/simple" }
dependencies = [
    { name = "numpy" },
    { name = "pillow" },
]
sdist = { url = "https://files.pythonhosted.org/packages/03/d5/e7a25cbd3a8be045e812f2ba1a5ebc54aa7fb6ff2509934613ae84995a1a/keras_image_helper-0.0.2.tar.gz", hash = "sha256:940f9f349af758c43985f17b9b01f96838e7a28f17548c603d3a926f2995db18", size = 287692, upload-time = "2025-08-17T19:32:50.765Z" }
wheels = [
    { url = "https://files.pythonhosted.org/packages/2b/e3/83e38dc41d8e58d01d01dc24353ebb4673f43a43d2ef0bc133574df7022b/keras_image_helper-0.0.2-py3-none-any.whl", hash = "sha256:cf7d6004af56ff37ea52bfa1e0794b69005e4abd227cd79d144b217feb06b947", size = 5392, upload-time = "2025-08-17T19:32:49.09Z" },
]

[[package]]
name = "numpy"
version = "2.5.3"
source = { registry = "https://pypi.org/simple" }
sdist = { url = "https://files.pythonhosted.org/packages/13/01/11703282db468b85f6f7b8c7f22d058de5970d5c7e60a3a8aaa313c3de36/numpy-2.5.3.tar.gz", hash = "sha256:df2d5874ff183595a4ba404edd04f6bd9b5505c1d7708573f6a6c17489a67563", size = 20791231, upload-time = "2026-09-06T16:27:47.073Z" }
wheels = [
    { url = "https://files.pythonhosted.org/packages/70/78/cf416f15dc29375a229d9dfebf8db6e313f291580b39fa1a568b6052bb07/numpy-2.5.3-cp314-cp314-macosx_10_15_x86_64.whl", hash = "sha256:350ba9783ce969cf9f7ce6e6a9a58e1a6e2a19ca025b7ee448c4db727706212a", size = 16998686, upload-time = "2026-09-06T16:25:33.171Z" },
    { url = "https://files.pythonhosted.org/packages/9e/59/abcc2d8def4fd60eec7d87f92d27c13448ffd9ab14339bcc63a0d7a2fdea/numpy-2.5.3-cp314-cp314-macosx_11_0_arm64.whl", hash = "sha256:012e66aca395d795496446e52aeeb5866312a5d4d3f27da270e5a0b43f70dc5c", size = 12013862, upload-time = "2026-09-06T16:25:36.748Z" },
    { url = "https://files.pythonhosted.org/packages/94/75/4640d2d6e4b64a049e48425a82728a41ef4adb61332d2cba68055774878b/numpy-2.5.3-cp314-cp314-macosx_14_0_arm64.whl", hash = "sha256:adc1ada2662f8a5f960b8a10d9986897e7499ef07e06d4cfe7197f8cce923c07", size = 5449793, upload-time = "2026-09-06T16:25:39.476Z" },
    { url = "https://files.pythonhosted.org/packages/96/cd/625b57ae33d4ca560f32cc0b47b4a5922146d9beb998ddf773900d440a73/numpy-2.5.3-cp314-cp314-macosx_14_0_x86_64.whl", hash = "sha256:54a115e5a73b8fc44f0cebef486365a1894b5c9760685d4558b72b7c3eb846e0", size = 6785176, upload-time = "2026-09-06T16:25:42.069Z" },
    { url = "https://files.pythonhosted.org/packages/9c/72/12918652e7912ef9751e8694c88820fcd1908e0618cb23f5f3caa6004b7b/numpy-2.5.3-cp314-cp314-manylinux_2_27_aarch64.manylinux_2_28_aarch64.whl", hash = "sha256:be5a8381859b6da607c84f4f7d6847725f1cf1853ef8a2c9e115b7d58bef47dc", size = 15703377, upload-time = "2026-09-06T16:25:45.135Z" },
    { url = "https://files.pythonhosted.org/packages/45/8f/9beacf79ca7c650688ad0baa80931adb988fe6e6e5d5903c23cc3dbd70eb/numpy-2.5.3-cp314-cp314-manylinux_2_27_x86_64.manylinux_2_28_x86_64.whl", hash = "sha256:b0521d0f4aebb6e06189451025fa17a913287b13c03d5fe05c017333b654ea5b", size = 16711928, upload-time = "2026-09-06T16:25:48.461Z" },
    { url = "https://files.pythonhosted.org/packages/09/8d/41d0a56e1ac4c87495c897a211b1368691b7237aadabec8b3b8f3a74d48f/numpy-2.5.3-cp314-cp314-musllinux_1_2_aarch64.whl", hash = "sha256:9deb49575e5b0b94ed72c8a64ec4d033381adc27e9060ae842971f697ba96104", size = 17059507, upload-time = "2026-09-06T16:25:51.873Z" },
    { url = "https://files.pythonhosted.org/packages/08/1e/0dfbc5cc251d54e2af790f254d24ec38637fa97ec7d5d11de7ffed787098/numpy-2.5.3-cp314-cp314-musllinux_1_2_x86_64.whl", hash = "sha256:b00eefbcf0f292945c4b4dec2ae845389ef5bcdcd596e6e4328051db5b5ba694", size = 18471002, upload-time = "2026-09-06T16:25:55.233Z" },
    { url = "https://files.pythonhosted.org/packages/b5/2c/dfa40f6991f8185c8c30ffd023dfcbb11888e823cfab9557b920f3bb7bed/numpy-2.5.3-cp314-cp314-win32.whl", hash = "sha256:c2381f82999704f818e2c987a865050e285ec3621262c66d40f5a96c8f899f8e", size = 6180485, upload-time = "2026-09-06T16:25:58.157Z" },
    { url = "https://files.pythonhosted.org/packages/a4/73/d2c08231e4fde7e415501fd02c715d96e98599b2d8384445933944152984/numpy-2.5.3-cp314-cp314-win_amd64.whl", hash = "sha256:2c25dfa72943e4336ddb6b0ee4277b47a0c85bede0807530ec68103bf58e2c10", size = 12698179, upload-time = "2026-09-06T16:26:00.789Z" },
    { url = "https://files.pythonhosted.org/packages/5c/e9/dcdcc9b95cf5f49815055573aee1b11cfbf5299f38a180e437ded050810f/numpy-2.5.3-cp314-cp314-win_arm64.whl", hash = "sha256:15aa985ac73a8db02db7663381aa109510449d3819d37206caed27b33a65a8a6", size = 10769383, upload-time = "2026-09-06T16:26:04.011Z" },
    { url = "https://files.pythonhosted.org/packages/49/c4/af8bc08a7ef4e1529a7c0cf24969accce316b783999802089a581ec99272/numpy-2.5.3-cp314-cp314t-macosx_11_0_arm64.whl", hash = "sha256:ac7bb1c52d445bd4f8f7f97fefe6abc3a084dc4d63df50d79b17fa2b78e89297", size = 12132668, upload-time = "2026-09-06T16:26:07.138Z" },
    { url = "https://files.pythonhosted.org/packages/c5/ae/0f15eb56d4ec5e13c1f7ff04ff407f997d1acbadb45d3e1f2e2645a8f43c/numpy-2.5.3-cp314-cp314t-macosx_14_0_arm64.whl", hash = "sha256:e6ab667ba76450084eb64013762c438ea76d9d29cc676dcd6c2e9892ba37f841", size = 5568580, upload-time = "2026-09-06T16:26:09.828Z" },
    { url = "https://files.pythonhosted.org/packages/23/fb/c72a8f25d4b6e96c354e7ab45ace3b27dc11e5d6a13b6c7d0cd6b08bf112/numpy-2.5.3-cp314-cp314t-macosx_14_0_x86_64.whl", hash = "sha256:f7fabeb6cea87d65f3b926de33d03fb016cfdc29314c90974383b5582ae72891", size = 6882634, upload-time = "2026-09-06T16:26:12.524Z" },
    { url = "https://files.pythonhosted.org/packages/07/a9/968c90ed2ab15060c338e8137f1215b5a60756ae07328e0a60d1c6734df4/numpy-2.5.3-cp314-cp314t-manylinux_2_27_aarch64.manylinux_2_28_aarch64.whl", hash = "sha256:1fb6f8fb9ff0b3a69f52c66ce397b0246583e9f28616231b0e32ca49259a5fa6", size = 15748923, upload-time = "2026-09-06T16:26:15.092Z" },
    { url = "https://files.pythonhosted.org/packages/59/08/9df04103947b95e3b6b1f2ed1a70521f325647a31b82da6a2aae3a485508/numpy-2.5.3-cp314-cp314t-manylinux_2_27_x86_64.manylinux_2_28_x86_64.whl", hash = "sha256:93e1f5447e2b1e479d7bd74701e84746b86450cff1fc368b132d195e2b8f8211", size = 16746748, upload-time = "2026-09-06T16:26:18.43Z" },
    { url = "https://files.pythonhosted.org/packages/41/a0/14c8d5fe5b53a334aabb653deb391c0fef49558f491880ea300ed6785224/numpy-2.5.3-cp314-cp314t-musllinux_1_2_aarch64.whl", hash = "sha256:c00abe94c1a69d75d827dcf1c025b25c8a45d230b3bcd77a9020883a1b047653", size = 17111561, upload-time = "2026-09-06T16:26:22.113Z" },
    { url = "https://files.pythonhosted.org/packages/c4/a6/d7e96e42f01522e154c32489640f16dfc4f6181d165d05fc3bec8c2c4999/numpy-2.5.3-cp314-cp314t-musllinux_1_2_x86_64.whl", hash = "sha256:536f963710a4e63934d80ac0dc4f478804a83e9a84b6828018f25d09953ada33", size = 18513945, upload-time = "2026-09-06T16:26:25.401Z" },
    { url = "https://files.pythonhosted.org/packages/25/39/3453afb7119d0449ef11c886874120ff180e2c337760e0e2d88f70f1a945/numpy-2.5.3-cp314-cp314t-win32.whl", hash = "sha256:4c8a6d2ebce6305fd82fbefca827775437147052a976ee7c94b36a0c1b52ac6c", size = 6335421, upload-time = "2026-09-06T16:26:28.175Z" },
    { url = "https://files.pythonhosted.org/packages/99/01/22815d2b19a1a746b1d45205cffebb3fe511a18acb75fba6c88491fc9894/numpy-2.5.3-cp314-cp314t-win_amd64.whl", hash = "sha256:9a37475425b431b4d060f23b4f52cd2f3aef6bc7c654bd760adf0040eec9d435", size = 12896420, upload-time = "2026-09-06T16:26:31.265Z" },
    { url = "https://files.pythonhosted.org/packages/fa/ee/a7cbba67eeaff038dc29ca8b98a88396c8b0cc9c89d4924f4a27a5c9150b/numpy-2.5.3-cp314-cp314t-win_arm64.whl", hash = "sha256:2d8240cb4c16fd831074aa2b2cf9fc54664d826341d61c372245b96a74a49a9a", size = 10857177, upload-time = "2026-09-06T16:26:34.167Z" },
    { url = "https://files.pythonhosted.org/packages/45/56/78194492883ff5eec90423fe56a3a44b154da047d88a6307f629713c584f/numpy-2.5.3-cp315-cp315-macosx_10_15_x86_64.whl", hash = "sha256:a6391fafaba97500887132cd582abc6e19452b1ac775a47caa7b24490e152058", size = 16996531, upload-time = "2026-09-06T16:26:37.287Z" },
    { url = "https://files.pythonhosted.org/packages/11/39/dd55c0af90bbab564b09ae3b0aa60ec5c02b900fa4f1ba23440525c8b32d/numpy-2.5.3-cp315-cp315-macosx_11_0_arm64.whl", hash = "sha256:09d5a423c71ad5feb5625844ad58050e35df43871004b52ac9c0ad44a56775be", size = 12012569, upload-time = "2026-09-06T16:26:40.707Z" },
    { url = "https://files.pythonhosted.org/packages/b6/51/04f67d32e4862b281b1cb84ceeaed3421189a84fb6fb51a391cd6d5009f7/numpy-2.5.3-cp315-cp315-macosx_14_0_arm64.whl", hash = "sha256:f9579f383d1bf9df80081e72760e84960a7fd4f88cf0c9e535a8597c9bb646f5", size = 5448498, upload-time = "2026-09-06T16:26:43.435Z" },
    { url = "https://files.pythonhosted.org/packages/a3/c9/25b4dc0dd1344ec26c7319e84fd4e9809d2b5628f4e12decd618036e5178/numpy-2.5.3-cp315-cp315-macosx_14_0_x86_64.whl", hash = "sha256:86bff898a431c0fb71f7610b75726e75a54d47b37edc9d537f48de63bb3c0b90", size = 6783026, upload-time = "2026-09-06T16:26:46.374Z" },
    { url = "https://files.pythonhosted.org/packages/fc/c7/29285be1e5232a6e7ee3268a33c85843f5a8ee93350c6465cddd66ebbf76/numpy-2.5.3-cp315-cp315-manylinux_2_27_aarch64.manylinux_2_28_aarch64.whl", hash = "sha256:1f3ed25271581281f2fccb1adcedfcde4c07362eec69189b50baf6f90e3ae159", size = 15697322, upload-time = "2026-09-06T16:26:49.415Z" },
    { url = "https://files.pythonhosted.org/packages/55/49/bbad5335fb4996a16881f853ff3e0ba582f01720e55c89b1c06b8fc42a90/numpy-2.5.3-cp315-cp315-manylinux_2_27_x86_64.manylinux_2_28_x86_64.whl", hash = "sha256:ffdc76bfcae6b255dff75202c5e7feaf95b40246bc0a17944facc1fecf9f79ab", size = 16708995, upload-time = "2026-09-06T16:26:53.127Z" },
    { url = "https://files.pythonhosted.org/packages/ef/e9/1df35483760b04a65ea44669f89dc64f30e5aca098b48ceb8b1310b0e0fe/numpy-2.5.3-cp315-cp315-musllinux_1_2_aarch64.whl", hash = "sha256:116f96cadd935c6122e9228d676fe7ede19e741f5c8bb1c3cddbe0c51ccebea2", size = 17052508, upload-time = "2026-09-06T16:26:56.464Z" },
    { url = "https://files.pythonhosted.org/packages/b8/99/66e54da8265cc8be8a7382bf96edce17aaa2837d6f484432025932a3caa5/numpy-2.5.3-cp315-cp315-musllinux_1_2_x86_64.whl", hash = "sha256:09ffa5d903faeaa5c4dd05009cf81c8bab9f2cb37c548b8d39b65b4cfa7c97f7", size = 18468224, upload-time = "2026-09-06T16:26:59.966Z" },
    { url = "https://files.pythonhosted.org/packages/01/bc/b5e90a91c115168d793dfd2ad9c69c438c2fe7a13a437e770bc5b078e732/numpy-2.5.3-cp315-cp315-win32.whl", hash = "sha256:e01c918ac3d48e18a927cf7b14a26a3e29ff2bdf2eacb976da0aecd6a43ed034", size = 6179919, upload-time = "2026-09-06T16:27:03.166Z" },
    { url = "https://files.pythonhosted.org/packages/37/ea/780748fd3985109075514ef8fc64cd25f943e40dde13a6d59141eb268fc8/numpy-2.5.3-cp315-cp315-win_amd64.whl", hash = "sha256:e931e4f499e0dc7ef29d269a8e5b35dd722e5d14be07df6240166ea7c6532fae", size = 12697656, upload-time = "2026-09-06T16:27:06.153Z" },
    { url = "https://files.pythonhosted.org/packages/b3/16/407be69a2a87c8cab64d95975a8977a426a29e138f07e276ec258f0fe4e5/numpy-2.5.3-cp315-cp315-win_arm64.whl", hash = "sha256:26e15e4aecd8617dfbaecb37d223e365d7b39411fba20454be2670a96aa74cb5", size = 10767601, upload-time = "2026-09-06T16:27:09.297Z" },
    { url = "https://files.pythonhosted.org/packages/44/bf/a97ffb01e41d50a32a9177aef942a4d0e389a3daf451d04e5f38ef6afb87/numpy-2.5.3-cp315-cp315t-macosx_10_15_x86_64.whl", hash = "sha256:6cef4bb1706dfec49243c05d921eefb4e190d41e2528b30d8035ea1f36b4c24a", size = 17090092, upload-time = "2026-09-06T16:27:12.907Z" },
    { url = "https://files.pythonhosted.org/packages/d1/24/136c02f2c2af9a067a84d0c3aa10c99012c0476fa5066732fa4a4202557d/numpy-2.5.3-cp315-cp315t-macosx_11_0_arm64.whl", hash = "sha256:d1c89973648c85069c5046ad460f7b8a00218b29a2e42359ac8cc63e9ab94832", size = 12129429, upload-time = "2026-09-06T16:27:16.089Z" },
    { url = "https://files.pythonhosted.org/packages/fe/6c/b47582d6597789bf946d5efbeb6b9e56fd8bcbd5efc6fbf51dbe1ea31eb3/numpy-2.5.3-cp315-cp315t-macosx_14_0_arm64.whl", hash = "sha256:214045a5bf00113a146ab9ee9730c44501af6723cdf1f6830932f7b5ef2e7af0", size = 5565452, upload-time = "2026-09-06T16:27:19.868Z" },
    { url = "https://files.pythonhosted.org/packages/be/b4/ef3cc6da73774202d4deae16bb321fd8298a4e0561e3539f8c4be237d916/numpy-2.5.3-cp315-cp315t-macosx_14_0_x86_64.whl", hash = "sha256:8617bbfae4486cf99c9f899966699428d19da931d06ca94ad3da986c76e15997", size = 6876736, upload-time = "2026-09-06T16:27:22.232Z" },
    { url = "https://files.pythonhosted.org/packages/9e/24/e3813329498596cb842703dcacac1741612ed9fb9c4e6a3e0c7e2ebbc597/numpy-2.5.3-cp315-cp315t-manylinux_2_27_aarch64.manylinux_2_28_aarch64.whl", hash = "sha256:595d020938c84e320bcf40ad71089e108eac0d377cd018e14a8c094f39e98d85", size = 15745777, upload-time = "2026-09-06T16:27:25.181Z" },
    { url = "https://files.pythonhosted.org/packages/4a/9e/4e7a07fd0776dc2210cdacf2010be8665194d094defc10c419d7dea794cc/numpy-2.5.3-cp315-cp315t-manylinux_2_27_x86_64.manylinux_2_28_x86_64.whl", hash = "sha256:6f24021b9f22bc6301c37b196974a92c1c18dccedb6fef3dd252e95f2d6adbe4", size = 16746949, upload-time = "2026-09-06T16:27:28.576Z" },
    { url = "https://files.pythonhosted.org/packages/91/db/01674c0e20335057813a00c2ebd546ed25bff9ed7914f9bced00f8c55d94/numpy-2.5.3-cp315-cp315t-musllinux_1_2_aarch64.whl", hash = "sha256:71b39d9f935b6ec0f8753e3e2afb51e3efba6f2e05b68b32a40754d24bcd4a3c", size = 17108994, upload-time = "2026-09-06T16:27:31.946Z" },
    { url = "https://files.pythonhosted.org/packages/45/7a/584c5e71f8d378e57cac0b033891ed65c683ef90573ba4854e8c28203db0/numpy-2.5.3-cp315-cp315t-musllinux_1_2_x86_64.whl", hash = "sha256:6b05c171afb3aa07adbd20abc00aea86fe375beb0fdb9ef780ec5b7f63bab1c0", size = 18512266, upload-time = "2026-09-06T16:27:35.196Z" },
    { url = "https://files.pythonhosted.org/packages/a1/d2/4e1014173aa3c55e6a756e0e567290743a6ab33a288460374d7ef6bcd239/numpy-2.5.3-cp315-cp315t-win32.whl", hash = "sha256:f54660b0eb6b0b9f36e7fe1cdfdff472028dd0d14acd9b9b65098efbad059469", size = 6330292, upload-time = "2026-09-06T16:27:38.149Z" },
    { url = "https://files.pythonhosted.org/packages/6c/b0/ff5658a58199b7bcaad87bf260eef6713d9d42cca4e028f935b4fc5fbac6/numpy-2.5.3-cp315-cp315t-win_amd64.whl", hash = "sha256:1aad64d99730d013cfc6debafed22783b4fc5a7f4b8bc744d2d8cf7dcc880551", size = 12884918, upload-time = "2026-09-06T16:27:40.965Z" },
    { url = "https://files.pythonhosted.org/packages/fb/0b/b12a2df5d1b774bd9007a6fdff9381145b6223d37f11afc9c37ab0efd9a1/numpy-2.5.3-cp315-cp315t-win_arm64.whl", hash = "sha256:befa1ae5bd6030b3f512b43ff3fa5290bbed6b84411a44244b14adf835f5b89d", size = 10850807, upload-time = "2026-09-06T16:27:43.868Z" },
]

[[package]]
name = "onnxruntime"
version = "1.30.0"
source = { registry = "https://pypi.org/simple" }
dependencies = [
    { name = "flatbuffers" },
    { name = "numpy" },
    { name = "packaging" },
    { name = "protobuf" },
]
wheels = [
    { url = "https://files.pythonhosted.org/packages/6a/03/05c9a9234688757d2876ddecf80bba908561ee11debf125bc1a427ae6f48/onnxruntime-1.30.0-cp314-cp314-macosx_14_0_arm64.whl", hash = "sha256:8b6169c16a48429890d2f4a0c774ebf54dfe9066a998514aad0518a16d398547", size = 21545313, upload-time = "2026-09-10T16:31:59.654Z" },
    { url = "https://files.pythonhosted.org/packages/c6/bc/1069e58b24779ba9d2fd479db5ecb3a15a6f49b585107c898819c0789558/onnxruntime-1.30.0-cp314-cp314-manylinux_2_28_aarch64.whl", hash = "sha256:d2184fddb6798136e7c478244391ca82443f5c757f59f15bb9e5ad2da5e03175", size = 21346830, upload-time = "2026-09-10T16:32:02.275Z" },
    { url = "https://files.pythonhosted.org/packages/f1/38/8138eed225c5bc6ddfc05879ecac7dacc63c34b9b6f99be72839c1f6dc49/onnxruntime-1.30.0-cp314-cp314-manylinux_2_28_x86_64.whl", hash = "sha256:8b611d24db2954545ce6bd9acd4670183cb368e4642450de7a9ab6474eb374ec", size = 23586333, upload-time = "2026-09-10T16:32:04.996Z" },
    { url = "https://files.pythonhosted.org/packages/4d/0a/748b86000fbf9518b5dfc5bdc1b924eeaca976203740fd9d30649e568ee6/onnxruntime-1.30.0-cp314-cp314-win_amd64.whl", hash = "sha256:3bdd1752a8502ac1a7ccc6e878d16db6943df574d54ed7f01058a6806ae05be4", size = 14675319, upload-time = "2026-09-10T16:32:07.5Z" },
    { url = "https://files.pythonhosted.org/packages/2f/db/db8e4c0cf6f70f1311060560630fd21763648e01dfbba5195a2592c052ef/onnxruntime-1.30.0-cp314-cp314-win_arm64.whl", hash = "sha256:83d543843cbd352cfa9996a6c7b92f8a480f114a18f95ff2a1acaf6921e85b6d", size = 14569360, upload-time = "2026-09-10T16:32:09.896Z" },
    { url = "https://files.pythonhosted.org/packages/24/0a/ec0a9d656e39b43887c378a5388b20c3b1e1ee43bded84580b0936466694/onnxruntime-1.30.0-cp314-cp314t-manylinux_2_28_aarch64.whl", hash = "sha256:265de607ba6f9814264e1d5d413fa7069d70f48e3049b5e460b3b04bdfcef294", size = 21348433, upload-time = "2026-09-10T16:32:12.772Z" },
    { url = "https://files.pythonhosted.org/packages/91/f0/40f74b7c00077e1e25627067ed98a70df1fef5c0e21b82849190d312554e/onnxruntime-1.30.0-cp314-cp314t-manylinux_2_28_x86_64.whl", hash = "sha256:67ad7f03433b6462c627d0f555dece80e6a26bc71e8542ced35cebd32142d1b7", size = 23579340, upload-time = "2026-09-10T16:32:15.532Z" },
]

[[package]]
name = "packaging"
version = "26.3"
source = { registry = "https://pypi.org/simple" }
sdist = { url = "https://files.pythonhosted.org/packages/7d/fa/3944b40b07da9ce895c0e6303a5ab7d53da063554f534556b134a54d6093/packaging-26.3.tar.gz", hash = "sha256:94edc256424af38762eb31306eed28beb9f0efc50a8837492c9d6fd6004aed79", size = 313412, upload-time = "2026-08-04T18:15:28.737Z" }
wheels = [
    { url = "https://files.pythonhosted.org/packages/63/34/ba1c580383c9eada3711951fef0795c80b829a078d72188184bcab9dd527/packaging-26.3-py3-none-any.whl", hash = "sha256:d7193f7c8e4e93f444fde0262bf90af30e16fa0ad0ad44cb553c87339b23cd1c", size = 129956, upload-time = "2026-08-04T18:15:27.159Z" },
]

[[package]]
name = "pillow"
version = "12.3.0"
source = { registry = "https://pypi.org/simple" }
sdist = { url = "https://files.pythonhosted.org/packages/1c/3d/bb7fca845737cf9d7dbde16ed1843984665ff2e0a518f5db43e77ec540b9/pillow-12.3.0.tar.gz", hash = "sha256:3b8182a766685eaa002637e28b4ec8d6b18819a0c71f579bf0dbaa5830297cce", size = 47025035, upload-time = "2026-07-01T11:56:38.965Z" }
wheels = [
    { url = "https://files.pythonhosted.org/packages/dc/01/001f65b68192f0228cc1dbbc8d2530ab5d58b61037ba0587f946fea607cd/pillow-12.3.0-cp314-cp314-ios_13_0_arm64_iphoneos.whl", hash = "sha256:9cf95fe4d0f84c82d282745d9bb08ad9f926efa00be4697e767b814ce40d4330", size = 4161736, upload-time = "2026-07-01T11:54:51.156Z" },
    { url = "https://files.pythonhosted.org/packages/1a/d2/0219746d0fd16fc8a84498e79452375be3797d3ce4044596ce565164b84f/pillow-12.3.0-cp314-cp314-ios_13_0_arm64_iphonesimulator.whl", hash = "sha256:8728f216dcdb6e6d555cf971cb34076139ad74b31fc2c14da4fafc741c5f6217", size = 4255435, upload-time = "2026-07-01T11:54:53.414Z" },
    { url = "https://files.pythonhosted.org/packages/c8/02/8d0bc62ef0302318c46ff2a512822d2610e81c7aa46c9b3abe6cbaca5ad0/pillow-12.3.0-cp314-cp314-ios_13_0_x86_64_iphonesimulator.whl", hash = "sha256:a45650e8ce7fafffd731db8550230db6b0d306d181a90b67d3e6bca2f1990930", size = 3696262, upload-time = "2026-07-01T11:54:55.739Z" },
    { url = "https://files.pythonhosted.org/packages/85/e2/73c77d218410b14f5f2d565e8a998d5317b7b9c75368d29985139f7a46f0/pillow-12.3.0-cp314-cp314-macosx_10_15_x86_64.whl", hash = "sha256:ba54cfebe86920a559a7c4d6b9050791c20513650a1952ebe3368c7dc70306f8", size = 5350344, upload-time = "2026-07-01T11:54:57.657Z" },
    { url = "https://files.pythonhosted.org/packages/c7/da/32c752228ae345f489e3a42499d817b6c3996da7e8a3bc7a04fc806b243b/pillow-12.3.0-cp314-cp314-macosx_11_0_arm64.whl", hash = "sha256:e158cb00350dc278f3b91551101aa7d12415a66ebf2c91d8d5ac14e56ddd3ad0", size = 4780131, upload-time = "2026-07-01T11:54:59.713Z" },
    { url = "https://files.pythonhosted.org/packages/b1/9d/8b2c807dbef61a5197c047afe99823787eb66f63daf9fb2432f91d6f0462/pillow-12.3.0-cp314-cp314-manylinux_2_27_aarch64.manylinux_2_28_aarch64.whl", hash = "sha256:e9aeb04d6aef139de265b29683e119b638208f88cf73cdd1658aa07221165321", size = 6263757, upload-time = "2026-07-01T11:55:01.778Z" },
    { url = "https://files.pythonhosted.org/packages/5c/44/c85361f65dbe00eea8576ee467c768d25129989efb76e94f205e9ca9bb46/pillow-12.3.0-cp314-cp314-manylinux_2_27_x86_64.manylinux_2_28_x86_64.whl", hash = "sha256:251bf95b67017e27b13d82f5b326234ca62d70f9cf4c2b9032de2358a3b12c7b", size = 6936962, upload-time = "2026-07-01T11:55:03.93Z" },
    { url = "https://files.pythonhosted.org/packages/18/7e/e483414b35800b86b6f08dbbc7803fb5cd52c4d6f897f47d53ea2c7e6f65/pillow-12.3.0-cp314-cp314-musllinux_1_2_aarch64.whl", hash = "sha256:fe3cca2e4e8a592be0f269a1ca4835c25199d9f3ce815c8491048f785b0a0198", size = 6339171, upload-time = "2026-07-01T11:55:05.989Z" },
    { url = "https://files.pythonhosted.org/packages/f0/f4/68c491844841ede6bed70189546b3ee9731cf9f2cbad396faff5e1ccba45/pillow-12.3.0-cp314-cp314-musllinux_1_2_x86_64.whl", hash = "sha256:23aceaa007d6172b02c277f0cd359c79492bbb14f7072b4ede9fbcaf20648130", size = 7048116, upload-time = "2026-07-01T11:55:08.131Z" },
    { url = "https://files.pythonhosted.org/packages/a3/34/77f3f793fed8efc7d243f21b33c5a3f0d1c97ee70346d3db855587e155ff/pillow-12.3.0-cp314-cp314-win32.whl", hash = "sha256:af8d94b0db561cf68b88a267c5c44b49e134f525d0dc2cb7ed413a66bc23559a", size = 6467209, upload-time = "2026-07-01T11:55:10.408Z" },
    { url = "https://files.pythonhosted.org/packages/f1/e0/492879f69d94f91f60fc8cd05ba03650e9520afebb2fb7aa12777d7c7f38/pillow-12.3.0-cp314-cp314-win_amd64.whl", hash = "sha256:fdafc9cce40277e0f7a0feabce0ee50dd2fa1800f3b38015e51296b5e814048d", size = 7237707, upload-time = "2026-07-01T11:55:12.745Z" },
    { url = "https://files.pythonhosted.org/packages/c9/ac/6b11f2875f1c2ac040d84e1bbf9cf22a88038f901ca1037898b280b38365/pillow-12.3.0-cp314-cp314-win_arm64.whl", hash = "sha256:e91206ee562682b51b98ef4b26a6ef48fd84e15fd4c4bc5ec768eb641d206838", size = 2565995, upload-time = "2026-07-01T11:55:14.736Z" },
    { url = "https://files.pythonhosted.org/packages/52/69/c2208e56af9bfc1913afb24020297a691eb1d4ef688474c8a04913f65e04/pillow-12.3.0-cp314-cp314t-macosx_10_15_x86_64.whl", hash = "sha256:164b31cd1a0490ab6efae01aa5df49da7061be0af1b30e035b6e9a1bfe34ee6e", size = 5352503, upload-time = "2026-07-01T11:55:17.076Z" },
    { url = "https://files.pythonhosted.org/packages/07/70/e5686d753e898a45d778ff1718dba8516ead6ab6b95d85fc8c4b70650cf2/pillow-12.3.0-cp314-cp314t-macosx_11_0_arm64.whl", hash = "sha256:5afb51d599ea772b8365ae807ae557f18bccfe46ab261fd1c2a9ed700fc6eb17", size = 4782956, upload-time = "2026-07-01T11:55:19.448Z" },
    { url = "https://files.pythonhosted.org/packages/d5/37/25c6692f06927ee973ff18c8d9ee98ad0b4d84ee67a09610c2dd1447958e/pillow-12.3.0-cp314-cp314t-manylinux_2_27_aarch64.manylinux_2_28_aarch64.whl", hash = "sha256:3edce1d53195db527e0191f84b71d02022de0540bf43a16ed734ed7537b07385", size = 6322855, upload-time = "2026-07-01T11:55:21.613Z" },
    { url = "https://files.pythonhosted.org/packages/cc/91/420637fcb8f1bc11029e403b4538e6694744428d8246118e45719f944556/pillow-12.3.0-cp314-cp314t-manylinux_2_27_x86_64.manylinux_2_28_x86_64.whl", hash = "sha256:bf16ba1b4d0b6b7c8e534936632270cf70eb00dbe09005bc345b2677b726855c", size = 6989642, upload-time = "2026-07-01T11:55:24.006Z" },
    { url = "https://files.pythonhosted.org/packages/10/08/b94d7811281ccf0d143a1cf768d1c49e1e54af63e7b708ab2ee3eb87face/pillow-12.3.0-cp314-cp314t-musllinux_1_2_aarch64.whl", hash = "sha256:24870b09b224f7ae3c39ed07d10e819d06f8720bc551847b1d623832b5b0e28d", size = 6391281, upload-time = "2026-07-01T11:55:26.252Z" },
    { url = "https://files.pythonhosted.org/packages/d2/87/24233f785f55474dc02ce3e739c5528a77e3a862e9333d1dd7a25cc31f70/pillow-12.3.0-cp314-cp314t-musllinux_1_2_x86_64.whl", hash = "sha256:30f2aa603c41533cc25c05acd0da21636e84a315768feb631c937177db558931", size = 7096716, upload-time = "2026-07-01T11:55:28.318Z" },
    { url = "https://files.pythonhosted.org/packages/23/26/fcb2f6e37175b04f53570b59937867e2b80ee1685e744023153028fc14f9/pillow-12.3.0-cp314-cp314t-win32.whl", hash = "sha256:4b0a7fe987b14c31ebda6083f74f22b561fd3739bc0ac51e019622e3d72668c7", size = 6474125, upload-time = "2026-07-01T11:55:30.956Z" },
    { url = "https://files.pythonhosted.org/packages/90/de/3634abee5f1c9e13c56787b7d5517b0ba8d6de51700b95578cf338349c9f/pillow-12.3.0-cp314-cp314t-win_amd64.whl", hash = "sha256:962864dc93511324d51ddbb5b9f8731bf71675b93ca612a07441896f4688fb8c", size = 7242939, upload-time = "2026-07-01T11:55:34.044Z" },
    { url = "https://files.pythonhosted.org/packages/ce/2a/fd13f8eb24de5714a6eb444a3d67e2842c6c576e159a43793adf23051351/pillow-12.3.0-cp314-cp314t-win_arm64.whl", hash = "sha256:0740a512dc522224c77d9aa5a8d70d8b7d73fb91f2c21125d8d025d3b8990e45", size = 2567506, upload-time = "2026-07-01T11:55:35.988Z" },
    { url = "https://files.pythonhosted.org/packages/5d/dc/8fdce34ec725a33c81c6ba122b904d6b9024e50ea9ac7bede62fab54506c/pillow-12.3.0-cp315-cp315-ios_13_0_arm64_iphoneos.whl", hash = "sha256:0feb2e9d6ad6c9e3c06effe9d00f3f1e618a6643273576b016f591e9315a7139", size = 4162063, upload-time = "2026-07-01T11:55:37.941Z" },
    { url = "https://files.pythonhosted.org/packages/76/66/2044b9a63d3b84ff048228dfcb7cd9bf0df983e8470971bf7d4c57b693de/pillow-12.3.0-cp315-cp315-ios_13_0_arm64_iphonesimulator.whl", hash = "sha256:9e881fca225083806662a5c43d627d215f258ff43c890f831966c7d7ba9c7402", size = 4255549, upload-time = "2026-07-01T11:55:40.022Z" },
    { url = "https://files.pythonhosted.org/packages/52/7e/1f67e6f4ece6b582ee4b539decbcc9f848dc245a93ed8cd7338bafef72f1/pillow-12.3.0-cp315-cp315-ios_13_0_x86_64_iphonesimulator.whl", hash = "sha256:4998562bf62a445225f22e07c896bb04b35b1b1f2eb6d760584c9c51d7a5f78c", size = 3696331, upload-time = "2026-07-01T11:55:41.98Z" },
    { url = "https://files.pythonhosted.org/packages/12/40/d306fc2c8e4d45d7f175c77edca7063be7b86fe7fe6e68f4353bf71d808c/pillow-12.3.0-cp315-cp315-macosx_10_15_x86_64.whl", hash = "sha256:dc624f6bc473dacdf7ef7eb8678d0d08edf15cd94fad6ae5c7d6cc67a4e4902f", size = 5350370, upload-time = "2026-07-01T11:55:44.028Z" },
    { url = "https://files.pythonhosted.org/packages/dd/44/668fb1437e8ce420f62d6106eb66e44a5971602a4d794615bdf79315d82d/pillow-12.3.0-cp315-cp315-macosx_11_0_arm64.whl", hash = "sha256:71d6097b330eea8fd15097780c8e89cb1a8ce7838669f48c5bacd6f663dd4701", size = 4780147, upload-time = "2026-07-01T11:55:46.073Z" },
    { url = "https://files.pythonhosted.org/packages/0c/08/93fa2e70e30a2d81547e481b6ee2bb9522117221fb1e0ce4b5df70967677/pillow-12.3.0-cp315-cp315-manylinux_2_27_aarch64.manylinux_2_28_aarch64.whl", hash = "sha256:28ce87c5ab450a9dd970b52e5aca5fe63ed432d18a2eaddd1979a00a1ba24ace", size = 6273659, upload-time = "2026-07-01T11:55:48.264Z" },
    { url = "https://files.pythonhosted.org/packages/f8/6d/043e96ff814fc31a33077e4cba86082167db520c93632afdf2042febbb0c/pillow-12.3.0-cp315-cp315-manylinux_2_27_x86_64.manylinux_2_28_x86_64.whl", hash = "sha256:6b02afb9b97f65fbca5f31db6a2a3ba21aa93030225f150fa3f249717e938fb4", size = 6947439, upload-time = "2026-07-01T11:55:50.503Z" },
    { url = "https://files.pythonhosted.org/packages/af/92/ba71d2ee2ac0edf3fa33bd9d5ee9ee080da70b1766f3ca3934f9938ddac9/pillow-12.3.0-cp315-cp315-musllinux_1_2_aarch64.whl", hash = "sha256:1182d52bc2d5e5d7d0949503aa7e36d12f42205dc287e4883f407b1988820d39", size = 6353577, upload-time = "2026-07-01T11:55:52.697Z" },
    { url = "https://files.pythonhosted.org/packages/0f/ce/e63064e2122923ff687c8ad792d0d736a7b3920a56a46982e81a7fdd25d6/pillow-12.3.0-cp315-cp315-musllinux_1_2_x86_64.whl", hash = "sha256:e795b7eb908249c4e43c7c99fac7c2c75dab0c43566e37db472a355f63693d71", size = 7060394, upload-time = "2026-07-01T11:55:55.149Z" },
    { url = "https://files.pythonhosted.org/packages/54/76/a09cc3ccc8d773a7283d34c38bec1708f9e3cc932093cbc4c5e71ac4060b/pillow-12.3.0-cp315-cp315-win32.whl", hash = "sha256:57b3d78c95ba9059768b10e28b813002261d3f3dfc55cc48b0c988f625175827", size = 6467375, upload-time = "2026-07-01T11:55:57.769Z" },
    { url = "https://files.pythonhosted.org/packages/3e/03/1846c49ba3b1d5550392a4bbd06d6fb4578e1cd91a803198b5c90f5f7d53/pillow-12.3.0-cp315-cp315-win_amd64.whl", hash = "sha256:fa4ecea169a355be7a3ade2c783e2ed12f0e40d2c5621cda8b3297faf7fbb9f5", size = 7237048, upload-time = "2026-07-01T11:55:59.975Z" },
    { url = "https://files.pythonhosted.org/packages/fb/bb/89f35dcc79610423f9f195504d7def7f0d1416a711541b42867e25fe3412/pillow-12.3.0-cp315-cp315-win_arm64.whl", hash = "sha256:877c3f311ff35410f690861c4409e7ccbf0cd2f878e50628a28e5a0bb689e658", size = 2566006, upload-time = "2026-07-01T11:56:02.143Z" },
    { url = "https://files.pythonhosted.org/packages/30/88/707027ba09942dfa2c28759b5c222d769290a41c6d20ea60ec250801941f/pillow-12.3.0-cp315-cp315t-macosx_10_15_x86_64.whl", hash = "sha256:e9871b1ffbfa9656b60aeee92ed5136a5742696006fa322b29ea3d8da0ecc9cf", size = 5352509, upload-time = "2026-07-01T11:56:04.2Z" },
    { url = "https://files.pythonhosted.org/packages/b0/6d/00352fa25332c2569cd387851f568cc5a4b75a9adbfb37ac4fbce4c02eec/pillow-12.3.0-cp315-cp315t-macosx_11_0_arm64.whl", hash = "sha256:53aa02d20d10c3d814d536aa4e5ac9b84ca0ff5a88377963b085ad6822f93e64", size = 4783167, upload-time = "2026-07-01T11:56:06.631Z" },
    { url = "https://files.pythonhosted.org/packages/13/4f/9e049dfa21af7c22427275720e2490267ba8138120add5c4c574deb69782/pillow-12.3.0-cp315-cp315t-manylinux_2_27_aarch64.manylinux_2_28_aarch64.whl", hash = "sha256:446c34dcc4324b084a53b705127dc15717b22c5e140ae0a3c38349d4efec071e", size = 6329237, upload-time = "2026-07-01T11:56:08.868Z" },
    { url = "https://files.pythonhosted.org/packages/36/16/cf6eeaae8d0fce8dd390a33437cf68c5d5bd73834a2bc6e2f14efda0ab45/pillow-12.3.0-cp315-cp315t-manylinux_2_27_x86_64.manylinux_2_28_x86_64.whl", hash = "sha256:cf1845d02ad822a369a49f2bb9345b1614744267682e7a03527dc3bf6eea1777", size = 6997047, upload-time = "2026-07-01T11:56:11.379Z" },
    { url = "https://files.pythonhosted.org/packages/1e/69/dbf769bdd55f48bf5733cac28edc6364ffaa072ec9ba336266e4fe66be55/pillow-12.3.0-cp315-cp315t-musllinux_1_2_aarch64.whl", hash = "sha256:186941b6aef820ad110fb01fb06eb925374dc3a21b17e37ec9a53b250c6fe2d1", size = 6400440, upload-time = "2026-07-01T11:56:13.908Z" },
    { url = "https://files.pythonhosted.org/packages/a0/e1/ffc9cfc2eea0d178da8018e18e959301ad9d6bc9f3edb7181e748a474b97/pillow-12.3.0-cp315-cp315t-musllinux_1_2_x86_64.whl", hash = "sha256:f13c32a3abd6079a66d9526e18dad9b6d280384d49d7c54040cd57b6424041d9", size = 7105895, upload-time = "2026-07-01T11:56:16.575Z" },
    { url = "https://files.pythonhosted.org/packages/18/f0/a5595c1e8c3ae44b9828cb2f0fa8155e5095ef04d6327b8f61cf44a3df85/pillow-12.3.0-cp315-cp315t-win32.whl", hash = "sha256:1657923d2d45afb66526e5b933e5b3052e6bdea196c90d3abb2424e18c77dae8", size = 6474384, upload-time = "2026-07-01T11:56:18.855Z" },
    { url = "https://files.pythonhosted.org/packages/e4/04/62bcd9f844984c5938d3b05264a61d797a29d3e0812341a8204af70bbdee/pillow-12.3.0-cp315-cp315t-win_amd64.whl", hash = "sha256:8cd2f7bdda092d99c9fc2fb7391354f306d01443d22785d0cbfafa2e2c8bb418", size = 7243537, upload-time = "2026-07-01T11:56:21.214Z" },
    { url = "https://files.pythonhosted.org/packages/3d/68/1f3066acedf37673694a7141381d8f811ae97f30d34413d236abe7d489f1/pillow-12.3.0-cp315-cp315t-win_arm64.whl", hash = "sha256:06ff022112bc9cbf83b60f8e028d94ad87b60621706487e65f673de61610ab59", size = 2567491, upload-time = "2026-07-01T11:56:23.506Z" },
]

[[package]]
name = "protobuf"
version = "7.36.2"
source = { registry = "https://pypi.org/simple" }
sdist = { url = "https://files.pythonhosted.org/packages/d9/89/5b8517baa72f84a67b8a307ba953c91057af618bf40bf676f3c03551f8f0/protobuf-7.36.2.tar.gz", hash = "sha256:497d0463ff3316681da6c0b9e8d06cb465d61abce00b613ab42226175644d1bb", size = 512737, upload-time = "2026-09-17T20:07:59.326Z" }
wheels = [
    { url = "https://files.pythonhosted.org/packages/32/72/98342feb672507c8f3a69e34b4fa8961f608edba5c1a48a6f47156d92cb5/protobuf-7.36.2-cp310-abi3-macosx_10_9_universal2.whl", hash = "sha256:cbc70b17ee27e28894c7fee8bb04be1abead49e936bc70eb60052531eee2079e", size = 456039, upload-time = "2026-09-17T20:07:51.542Z" },
    { url = "https://files.pythonhosted.org/packages/b6/ea/91fdf7c2b8bbd49cde056f00a9df6773532987e1c00fe2830b895af95c7e/protobuf-7.36.2-cp310-abi3-manylinux2014_aarch64.whl", hash = "sha256:e11e1f0180583a2af89db6a2ecd9e8dc40aa6d2988ca175bfd0e6d12ea72d74e", size = 344219, upload-time = "2026-09-17T20:07:52.914Z" },
    { url = "https://files.pythonhosted.org/packages/17/ab/5fd5f8ece73fad885c5a09aa849b32d70472f954ba3a92d3bb5974ea953b/protobuf-7.36.2-cp310-abi3-manylinux2014_s390x.whl", hash = "sha256:f4fee11ec330d238b34a05c9b675f693c20415d1c5bd7d5320cc2f8a798eb9cf", size = 357223, upload-time = "2026-09-17T20:07:53.985Z" },
    { url = "https://files.pythonhosted.org/packages/db/f3/3996583dd2906297a637af12114deddf7658af6e683fedb83be061983fb5/protobuf-7.36.2-cp310-abi3-manylinux2014_x86_64.whl", hash = "sha256:89f23aa53c24553a2416fd4fd1ec06f74fa42b14b546d8883128813f775bbfd2", size = 343223, upload-time = "2026-09-17T20:07:54.931Z" },
    { url = "https://files.pythonhosted.org/packages/fc/1b/dcc64f358fcb51811b58ae40b3d28f820725f116d86487cc20bd4b130701/protobuf-7.36.2-cp310-abi3-win32.whl", hash = "sha256:912c1221170e16c08d1f086762f563dd61ff83c18b5fa6652952dfaded66f728", size = 442998, upload-time = "2026-09-17T20:07:55.826Z" },
    { url = "https://files.pythonhosted.org/packages/8a/55/b77bda4e5e5f5971fb51b07663694690e9afdb9402136c16a522bd621cad/protobuf-7.36.2-cp310-abi3-win_amd64.whl", hash = "sha256:a300819d441e078a5608c0d3c709796bb548136058fda017ae51d425b44fd353", size = 456514, upload-time = "2026-09-17T20:07:57.188Z" },
    { url = "https://files.pythonhosted.org/packages/e4/04/d52c7016b04b6c5108f26691f9d33ec82a9b65d041f1a9c771137693d618/protobuf-7.36.2-py3-none-any.whl", hash = "sha256:bdb3a345d48db958e6ce1f18e508beb0cc981d64f24088427549c866cd039f1e", size = 179806, upload-time = "2026-09-17T20:07:58.211Z" },
]

[[package]]
name = "serverless"
version = "0.1.0"
source = { virtual = "." }
dependencies = [
    { name = "keras-image-helper" },
    { name = "numpy" },
    { name = "onnxruntime" },
    { name = "pillow" },
]

[package.metadata]
requires-dist = [
    { name = "keras-image-helper", specifier = "==0.0.2" },
    { name = "numpy", specifier = "==2.5.3" },
    { name = "onnxruntime", specifier = "==1.30.0" },
    { name = "pillow", specifier = "==12.3.0" },
]
